{
  "name": "handsfreeyoutube",
  "version": "1.0.0",
  "lockfileVersion": 1,
  "requires": true,
  "dependencies": {
    "@now/node": {
      "version": "1.8.5",
      "resolved": "https://registry.npmjs.org/@now/node/-/node-1.8.5.tgz",
      "integrity": "sha512-dZ/ZzOLug0ap/jiLVnmwS93PpbNjGR/SkDQjQ+BFRTTi2vUZ768CGUpmgoZy81uxLjZL9xlMIhmTVHwjfxu7WA==",
      "requires": {
        "@types/node": "*",
        "ts-node": "8.9.1",
        "typescript": "3.9.3"
      }
    },
    "@types/node": {
      "version": "14.14.7",
      "resolved": "https://registry.npmjs.org/@types/node/-/node-14.14.7.tgz",
      "integrity": "sha512-Zw1vhUSQZYw+7u5dAwNbIA9TuTotpzY/OF7sJM9FqPOF3SPjKnxrjoTktXDZgUjybf4cWVBP7O8wvKdSaGHweg=="
    },
    "arg": {
      "version": "4.1.3",
      "resolved": "https://registry.npmjs.org/arg/-/arg-4.1.3.tgz",
      "integrity": "sha512-58S9QDqG0Xx27YwPSt9fJxivjYl432YCwfDMfZ+71RAqUrZef7LrKQZ3LHLOwCS4FLNBplP533Zx895SeOCHvA=="
    },
    "axios": {
      "version": "0.21.0",
      "resolved": "https://registry.npmjs.org/axios/-/axios-0.21.0.tgz",
      "integrity": "sha512-fmkJBknJKoZwem3/IKSSLpkdNXZeBu5Q7GA/aRsr2btgrptmSCxi2oFjZHqGdK9DoTil9PIHlPIZw2EcRJXRvw==",
      "dev": true,
      "requires": {
        "follow-redirects": "^1.10.0"
      }
    },
    "buffer-from": {
      "version": "1.1.1",
      "resolved": "https://registry.npmjs.org/buffer-from/-/buffer-from-1.1.1.tgz",
      "integrity": "sha512-MQcXEUbCKtEo7bhqEs6560Hyd4XaovZlO/k9V3hjVUF/zwW7KBVdSK4gIt/bzwS9MbR5qob+F5jusZsb0YQK2A=="
    },
    "diff": {
      "version": "4.0.2",
      "resolved": "https://registry.npmjs.org/diff/-/diff-4.0.2.tgz",
      "integrity": "sha512-58lmxKSA4BNyLz+HHMUzlOEpg09FV+ev6ZMe3vJihgdxzgcwZ8VoEEPmALCZG9LmqfVoNMMKpttIYTVG6uDY7A=="
    },
    "dirty-json": {
      "version": "0.9.2",
      "resolved": "https://registry.npmjs.org/dirty-json/-/dirty-json-0.9.2.tgz",
      "integrity": "sha512-7SCDfnQtBObcngVXNPZcnxGxqqPTK4UqeXeKAch+RGH5qpqadWbV9FmN71x9Bb4tTs0TNFb4FT/4Kz4P4Cjqcw==",
      "requires": {
        "lex": "^1.7.9",
        "unescape-js": "^1.1.4",
        "utf8": "^3.0.0"
      }
    },
    "follow-redirects": {
      "version": "1.13.0",
      "resolved": "https://registry.npmjs.org/follow-redirects/-/follow-redirects-1.13.0.tgz",
      "integrity": "sha512-aq6gF1BEKje4a9i9+5jimNFIpq4Q1WiwBToeRK5NvZBd/TRsmW8BsJfOEGkr76TbOyPVD3OVDN910EcUNtRYEA==",
      "dev": true
    },
    "fuse.js": {
      "version": "6.4.3",
      "resolved": "https://registry.npmjs.org/fuse.js/-/fuse.js-6.4.3.tgz",
      "integrity": "sha512-JNgngolukIrqwayWnvy6NLH63hmwKPhm63o0uyBg51jPD0j09IvAzlV1rTXfAsgxpghI7khAo6Mv+EmvjDWXig=="
    },
    "html-entities": {
      "version": "1.3.1",
      "resolved": "https://registry.npmjs.org/html-entities/-/html-entities-1.3.1.tgz",
      "integrity": "sha512-rhE/4Z3hIhzHAUKbW8jVcCyuT5oJCXXqhN/6mXXVCpzTmvJnoH2HL/bt3EZ6p55jbFJBeAe1ZNpL5BugLujxNA=="
    },
    "jmeta": {
      "version": "1.0.6",
      "resolved": "https://registry.npmjs.org/jmeta/-/jmeta-1.0.6.tgz",
      "integrity": "sha512-a2zUkk1lQihRr1dbm82tlbwlhHnUMLIwE+R+YD+LzWVt9ryv4vK7WWSs1MEH1rDbtOkZBio3JbPVN8/MwZI/kg==",
      "requires": {
        "lodash": "^4.17.15"
      }
    },
    "lex": {
      "version": "1.7.9",
      "resolved": "https://registry.npmjs.org/lex/-/lex-1.7.9.tgz",
      "integrity": "sha1-XVY2zO9XQ0g2KTi3mkfw7tjtDUM="
    },
    "lodash": {
      "version": "4.17.20",
      "resolved": "https://registry.npmjs.org/lodash/-/lodash-4.17.20.tgz",
      "integrity": "sha512-PlhdFcillOINfeV7Ni6oF1TAEayyZBoZ8bcshTHqOYJYlrqzRK5hagpagky5o4HfCzzd1TRkXPMFq6cKk9rGmA=="
    },
    "m3u8stream": {
      "version": "0.8.3",
      "resolved": "https://registry.npmjs.org/m3u8stream/-/m3u8stream-0.8.3.tgz",
      "integrity": "sha512-0nAcdrF8YJKUkb6PzWdvGftTPyCVWgoiot1AkNVbPKTeIGsWs6DrOjifrJ0Zi8WQfQmD2SuVCjkYIOip12igng==",
      "requires": {
        "miniget": "^4.0.0",
        "sax": "^1.2.4"
      }
    },
    "make-error": {
      "version": "1.3.6",
      "resolved": "https://registry.npmjs.org/make-error/-/make-error-1.3.6.tgz",
      "integrity": "sha512-s8UhlNe7vPKomQhC1qFelMokr/Sc3AgNbso3n74mVPA5LTZwkB9NlXf4XPamLxJE8h0gh73rM94xvwRT2CVInw=="
    },
    "mime-db": {
      "version": "1.25.0",
      "resolved": "https://registry.npmjs.org/mime-db/-/mime-db-1.25.0.tgz",
      "integrity": "sha1-wY29fHOl2/b0SgJNwNFloeexw5I="
    },
    "mime-types": {
      "version": "2.1.13",
      "resolved": "https://registry.npmjs.org/mime-types/-/mime-types-2.1.13.tgz",
      "integrity": "sha1-4HqqnGxrmnyjASxpADrSWjnpKog=",
      "requires": {
        "mime-db": "~1.25.0"
      }
    },
    "miniget": {
      "version": "4.1.0",
      "resolved": "https://registry.npmjs.org/miniget/-/miniget-4.1.0.tgz",
      "integrity": "sha512-kzhrNv5L7LlomwGmPGQsLQ2PnT1LeJJWfB0wNFGyv426gEM1gsfziBQmfkr6XOBA8EusZg9nowlNT5CbuKTjZg=="
    },
    "rss": {
      "version": "1.2.2",
      "resolved": "https://registry.npmjs.org/rss/-/rss-1.2.2.tgz",
      "integrity": "sha1-UKFpiHYTgTOnT5oF0r3I240nqSE=",
      "requires": {
        "mime-types": "2.1.13",
        "xml": "1.0.1"
      }
    },
    "sax": {
      "version": "1.2.4",
      "resolved": "https://registry.npmjs.org/sax/-/sax-1.2.4.tgz",
      "integrity": "sha512-NqVDv9TpANUjFm0N8uM5GxL36UgKi9/atZw+x7YFnQ8ckwFGKrl4xX4yWtrey3UJm5nP1kUbnYgLopqWNSRhWw=="
    },
    "source-map": {
      "version": "0.6.1",
      "resolved": "https://registry.npmjs.org/source-map/-/source-map-0.6.1.tgz",
      "integrity": "sha512-UjgapumWlbMhkBgzT7Ykc5YXUT46F0iKu8SGXq0bcwP5dz/h0Plj6enJqjz1Zbq2l5WaqYnrVbwWOWMyF3F47g=="
    },
    "source-map-support": {
      "version": "0.5.19",
      "resolved": "https://registry.npmjs.org/source-map-support/-/source-map-support-0.5.19.tgz",
      "integrity": "sha512-Wonm7zOCIJzBGQdB+thsPar0kYuCIzYvxZwlBa87yi/Mdjv7Tip2cyVbLj5o0cFPN4EVkuTwb3GDDyUx2DGnGw==",
      "requires": {
        "buffer-from": "^1.0.0",
        "source-map": "^0.6.0"
      }
    },
    "string.fromcodepoint": {
      "version": "0.2.1",
      "resolved": "https://registry.npmjs.org/string.fromcodepoint/-/string.fromcodepoint-0.2.1.tgz",
      "integrity": "sha1-jZeDM8C8klOPUPOD5IiPPlYZ1lM="
    },
    "ts-node": {
      "version": "8.9.1",
      "resolved": "https://registry.npmjs.org/ts-node/-/ts-node-8.9.1.tgz",
      "integrity": "sha512-yrq6ODsxEFTLz0R3BX2myf0WBCSQh9A+py8PBo1dCzWIOcvisbyH6akNKqDHMgXePF2kir5mm5JXJTH3OUJYOQ==",
      "requires": {
        "arg": "^4.1.0",
        "diff": "^4.0.1",
        "make-error": "^1.1.1",
        "source-map-support": "^0.5.17",
        "yn": "3.1.1"
      }
    },
    "typescript": {
      "version": "3.9.3",
      "resolved": "https://registry.npmjs.org/typescript/-/typescript-3.9.3.tgz",
      "integrity": "sha512-D/wqnB2xzNFIcoBG9FG8cXRDjiqSTbG2wd8DMZeQyJlP1vfTkIxH4GKveWaEBYySKIg+USu+E+EDIR47SqnaMQ=="
    },
    "unescape-js": {
      "version": "1.1.4",
      "resolved": "https://registry.npmjs.org/unescape-js/-/unescape-js-1.1.4.tgz",
      "integrity": "sha512-42SD8NOQEhdYntEiUQdYq/1V/YHwr1HLwlHuTJB5InVVdOSbgI6xu8jK5q65yIzuFCfczzyDF/7hbGzVbyCw0g==",
      "requires": {
        "string.fromcodepoint": "^0.2.1"
      }
    },
    "utf8": {
      "version": "3.0.0",
      "resolved": "https://registry.npmjs.org/utf8/-/utf8-3.0.0.tgz",
      "integrity": "sha512-E8VjFIQ/TyQgp+TZfS6l8yp/xWppSAHzidGiRrqe4bK4XP9pTRyKFgGJpO3SN7zdX4DeomTrwaseCHovfpFcqQ=="
    },
    "xml": {
      "version": "1.0.1",
      "resolved": "https://registry.npmjs.org/xml/-/xml-1.0.1.tgz",
      "integrity": "sha1-eLpyAgApxbyHuKgaPPzXS0ovweU="
    },
    "yn": {
      "version": "3.1.1",
      "resolved": "https://registry.npmjs.org/yn/-/yn-3.1.1.tgz",
      "integrity": "sha512-Ux4ygGWsu2c7isFWe8Yu1YluJmqVhxqK2cLXNQA5AcC3QfbGNpM7fu0Y8b/z16pXLnFxZYvWhd3fhBY9DLmC6Q=="
    },
    "ytdl-core": {
      "version": "4.1.5",
      "resolved": "https://registry.npmjs.org/ytdl-core/-/ytdl-core-4.1.5.tgz",
      "integrity": "sha512-3MSGIFg3jBWuYZthumSZh69pLwC8/0Wz4Ov+Q6StsGsGcbwBN0OGtz3XvtlYS5YWLrxLeIs/FRBMXrgeEOSA+w==",
      "requires": {
        "html-entities": "^1.3.1",
        "m3u8stream": "^0.8.3",
        "miniget": "^4.0.0",
        "sax": "^1.1.3"
      }
    },
    "ytpl": {
      "version": "2.0.1",
      "resolved": "https://registry.npmjs.org/ytpl/-/ytpl-2.0.1.tgz",
      "integrity": "sha512-FK6Qz43PKDqKcxI8K9tEOMJ7S/MVN6Ofc9flolPloMN4hJm+N6wZd3Y9oD+amQYHMCVkaXT0BvPMY4BUYg3FpQ==",
      "requires": {
        "html-entities": "^1.3.1",
        "miniget": "^4.1.0"
      }
    },
    "ytsr": {
      "version": "2.0.1",
      "resolved": "https://registry.npmjs.org/ytsr/-/ytsr-2.0.1.tgz",
      "integrity": "sha512-1m/jmX8X1PJSnX1eJ3sm3s8Z2S/ixYKTZduuLsGn/RsxEI9nqV2iWCRi0qTQ8rOSaoEwkeWcJHLlZPbd499p/w==",
      "requires": {
        "html-entities": "^1.3.1",
        "miniget": "^4.1.0"
      }
    }
  }
}
